
Microsoft Visual Studio Solution File, Format Version 12.00
# Visual Studio Version 17
VisualStudioVersion = 17.11.35312.102
MinimumVisualStudioVersion = 10.0.40219.1
Project("{9A19103F-16F7-4668-BE54-9A1E7A4F7556}") = "PwProject.Core", "PwProject.Core\PwProject.Core.csproj", "{38ADEDFB-9D89-4B32-A387-51FD9C943659}"
EndProject
Project("{9A19103F-16F7-4668-BE54-9A1E7A4F7556}") = "PwProject.Core.Web", "PwProject.Core.Web\PwProject.Core.Web.csproj", "{74D8D3EC-D98F-4242-88A9-FE17958387BA}"
EndProject
Project("{9A19103F-16F7-4668-BE54-9A1E7A4F7556}") = "PwProject.Tests.Web", "PwProject.Tests.Web\PwProject.Tests.Web.csproj", "{F1205E35-B249-4B41-A0C4-C47C2E6A9887}"
EndProject
Project("{9A19103F-16F7-4668-BE54-9A1E7A4F7556}") = "PwProject.WebInteraction", "PwProject.WebInteraction\PwProject.WebInteraction.csproj", "{F081BDBC-1351-4EEA-9BF6-E80211F9817C}"
EndProject
Project("{9A19103F-16F7-4668-BE54-9A1E7A4F7556}") = "PwProject.Domain", "PwProject.Domain\PwProject.Domain.csproj", "{AA70530E-E85F-42D7-9A3E-1334B66CFD9A}"
EndProject
Project("{FAE04EC0-301F-11D3-BF4B-00C04F79EFBC}") = "PwProject.WebApiService", "PwProject.WebApiService\PwProject.WebApiService.csproj", "{CEFC3742-61D4-4940-9516-16F73BBAFCB1}"
EndProject
Global
	GlobalSection(SolutionConfigurationPlatforms) = preSolution
		Debug|Any CPU = Debug|Any CPU
		Release|Any CPU = Release|Any CPU
	EndGlobalSection
	GlobalSection(ProjectConfigurationPlatforms) = postSolution
		{38ADEDFB-9D89-4B32-A387-51FD9C943659}.Debug|Any CPU.ActiveCfg = Debug|Any CPU
		{38ADEDFB-9D89-4B32-A387-51FD9C943659}.Debug|Any CPU.Build.0 = Debug|Any CPU
		{38ADEDFB-9D89-4B32-A387-51FD9C943659}.Release|Any CPU.ActiveCfg = Release|Any CPU
		{38ADEDFB-9D89-4B32-A387-51FD9C943659}.Release|Any CPU.Build.0 = Release|Any CPU
		{74D8D3EC-D98F-4242-88A9-FE17958387BA}.Debug|Any CPU.ActiveCfg = Debug|Any CPU
		{74D8D3EC-D98F-4242-88A9-FE17958387BA}.Debug|Any CPU.Build.0 = Debug|Any CPU
		{74D8D3EC-D98F-4242-88A9-FE17958387BA}.Release|Any CPU.ActiveCfg = Release|Any CPU
		{74D8D3EC-D98F-4242-88A9-FE17958387BA}.Release|Any CPU.Build.0 = Release|Any CPU
		{F1205E35-B249-4B41-A0C4-C47C2E6A9887}.Debug|Any CPU.ActiveCfg = Debug|Any CPU
		{F1205E35-B249-4B41-A0C4-C47C2E6A9887}.Debug|Any CPU.Build.0 = Debug|Any CPU
		{F1205E35-B249-4B41-A0C4-C47C2E6A9887}.Release|Any CPU.ActiveCfg = Release|Any CPU
		{F1205E35-B249-4B41-A0C4-C47C2E6A9887}.Release|Any CPU.Build.0 = Release|Any CPU
		{F081BDBC-1351-4EEA-9BF6-E80211F9817C}.Debug|Any CPU.ActiveCfg = Debug|Any CPU
		{F081BDBC-1351-4EEA-9BF6-E80211F9817C}.Debug|Any CPU.Build.0 = Debug|Any CPU
		{F081BDBC-1351-4EEA-9BF6-E80211F9817C}.Release|Any CPU.ActiveCfg = Release|Any CPU
		{F081BDBC-1351-4EEA-9BF6-E80211F9817C}.Release|Any CPU.Build.0 = Release|Any CPU
		{AA70530E-E85F-42D7-9A3E-1334B66CFD9A}.Debug|Any CPU.ActiveCfg = Debug|Any CPU
		{AA70530E-E85F-42D7-9A3E-1334B66CFD9A}.Debug|Any CPU.Build.0 = Debug|Any CPU
		{AA70530E-E85F-42D7-9A3E-1334B66CFD9A}.Release|Any CPU.ActiveCfg = Release|Any CPU
		{AA70530E-E85F-42D7-9A3E-1334B66CFD9A}.Release|Any CPU.Build.0 = Release|Any CPU
		{CEFC3742-61D4-4940-9516-16F73BBAFCB1}.Debug|Any CPU.ActiveCfg = Debug|Any CPU
		{CEFC3742-61D4-4940-9516-16F73BBAFCB1}.Debug|Any CPU.Build.0 = Debug|Any CPU
		{CEFC3742-61D4-4940-9516-16F73BBAFCB1}.Release|Any CPU.ActiveCfg = Release|Any CPU
		{CEFC3742-61D4-4940-9516-16F73BBAFCB1}.Release|Any CPU.Build.0 = Release|Any CPU
	EndGlobalSection
	GlobalSection(SolutionProperties) = preSolution
		HideSolutionNode = FALSE
	EndGlobalSection
	GlobalSection(ExtensibilityGlobals) = postSolution
		SolutionGuid = {9B2DB0E9-C66D-4A58-94F3-20971AC5730A}
	EndGlobalSection
EndGlobal
